{
  "version": 4,
  "terraform_version": "1.9.7",
  "serial": 24,
  "lineage": "60c91a2f-0aa2-ad32-2f9c-9787fff386f6",
  "outputs": {},
  "resources": [
    {
      "mode": "managed",
      "type": "dbtcloud_environment",
      "name": "my_dev",
      "provider": "provider[\"registry.terraform.io/dbt-labs/dbtcloud\"]",
      "instances": [
        {
          "schema_version": 0,
          "attributes": {
            "connection_id": 213212,
            "credential_id": 0,
            "custom_branch": "",
            "dbt_version": "versionless",
            "deployment_type": "",
            "environment_id": 335672,
            "extended_attributes_id": 0,
            "id": "383645:335672",
            "is_active": true,
            "name": "Dev",
            "project_id": 383645,
            "type": "development",
            "use_custom_branch": false
          },
          "sensitive_attributes": [],
          "private": "bnVsbA==",
          "dependencies": [
            "dbtcloud_global_connection.my_connection",
            "dbtcloud_project.my_project"
          ]
        }
      ]
    },
    {
      "mode": "managed",
      "type": "dbtcloud_environment",
      "name": "my_prod",
      "provider": "provider[\"registry.terraform.io/dbt-labs/dbtcloud\"]",
      "instances": [
        {
          "schema_version": 0,
          "attributes": {
            "connection_id": 213212,
            "credential_id": 423076,
            "custom_branch": "",
            "dbt_version": "versionless",
            "deployment_type": "production",
            "environment_id": 335673,
            "extended_attributes_id": 0,
            "id": "383645:335673",
            "is_active": true,
            "name": "Prod",
            "project_id": 383645,
            "type": "deployment",
            "use_custom_branch": false
          },
          "sensitive_attributes": [],
          "private": "bnVsbA==",
          "dependencies": [
            "dbtcloud_global_connection.my_connection",
            "dbtcloud_project.my_project",
            "dbtcloud_snowflake_credential.prod_credential"
          ]
        }
      ]
    },
    {
      "mode": "managed",
      "type": "dbtcloud_global_connection",
      "name": "my_connection",
      "provider": "provider[\"registry.terraform.io/dbt-labs/dbtcloud\"]",
      "instances": [
        {
          "schema_version": 0,
          "attributes": {
            "adapter_version": "snowflake_v0",
            "apache_spark": null,
            "athena": null,
            "bigquery": null,
            "databricks": null,
            "fabric": null,
            "id": 213212,
            "is_ssh_tunnel_enabled": false,
            "name": "sandeep snowflake",
            "oauth_configuration_id": null,
            "postgres": null,
            "private_link_endpoint_id": null,
            "redshift": null,
            "snowflake": {
              "account": "kaycfpk-avb43396",
              "allow_sso": false,
              "client_session_keep_alive": false,
              "database": "dbt_cloud_db",
              "oauth_client_id": null,
              "oauth_client_secret": null,
              "role": "dbt_cloud_role",
              "warehouse": "dbt_cloud_wh"
            },
            "starburst": null,
            "synapse": null
          },
          "sensitive_attributes": [
            [
              {
                "type": "get_attr",
                "value": "snowflake"
              },
              {
                "type": "get_attr",
                "value": "oauth_client_id"
              }
            ],
            [
              {
                "type": "get_attr",
                "value": "snowflake"
              },
              {
                "type": "get_attr",
                "value": "oauth_client_secret"
              }
            ]
          ]
        }
      ]
    },
    {
      "mode": "managed",
      "type": "dbtcloud_project",
      "name": "my_project",
      "provider": "provider[\"registry.terraform.io/dbt-labs/dbtcloud\"]",
      "instances": [
        {
          "schema_version": 0,
          "attributes": {
            "dbt_project_subdirectory": "",
            "id": "383645",
            "name": "sandeep demo"
          },
          "sensitive_attributes": [],
          "private": "bnVsbA=="
        }
      ]
    },
    {
      "mode": "managed",
      "type": "dbtcloud_project_repository",
      "name": "my_project_repository",
      "provider": "provider[\"registry.terraform.io/dbt-labs/dbtcloud\"]",
      "instances": [
        {
          "schema_version": 0,
          "attributes": {
            "id": "383645:183319600",
            "project_id": 383645,
            "repository_id": 234127
          },
          "sensitive_attributes": [],
          "private": "bnVsbA==",
          "dependencies": [
            "dbtcloud_project.my_project",
            "dbtcloud_repository.my_repository"
          ]
        }
      ]
    },
    {
      "mode": "managed",
      "type": "dbtcloud_repository",
      "name": "my_repository",
      "provider": "provider[\"registry.terraform.io/dbt-labs/dbtcloud\"]",
      "instances": [
        {
          "schema_version": 0,
          "attributes": {
            "azure_active_directory_project_id": "",
            "azure_active_directory_repository_id": "",
            "azure_bypass_webhook_registration_failure": false,
            "deploy_key": "ssh-rsa AAAAB3NzaC1yc2EAAAADAQABAAACAQCyePUg2RkOMnkXxKZL4P3o4e50G8M5pcfsbKjwqZiupXxYoFnslSIWtVWoD4uI3pUea8VaUTBF/h1GFs5SYdzQXhDc01YkouMNJRzmnYFQOtulYVmu0XkdW20FDmiIDkjDOoMRFiK8PM2Gc2d7QQy24Z5Ave90l61ri7jBPiON1k3UT02bYSj8sajBNVCirWZQ4a/CRATPPVFs8+D4CfXz+aLy9bK11AMP+zqA36EMPMkEO1G89Tq//5twnnmyIVMjbHloqOPb8KjHBN+0knUizdQyIsE23ur6Tdnpc1IvVZUi4b4bsM0gnxC2UcQbU2Q2+AEgDfXzFF86fNpem21GlCNrFCZIvps3SQ5zWVT+wgwvnl+E1XJeDTxTbqRKAXAcSbaONW47JyUfvSTc31uKbSgR9Di2axK3wFPVGLtxWMmYsc62Vo5v0ENJEXqR+apdEDxFZiLuVehGd1C0Lzv7VQjF6ph3bRKmtYAeP/nxH1LhNYkehUN7wwdpdOufZjojk3cdqcRRuRUuqQd5/ng58FpywAEW37IupvX1+mwKopsw2438UQm2s1mJ+7q62GMFKIZ8REDb4Ez5XPsgfK6ysOJoAjneD/+97LJ/7qURU/Ua1U9NhKEtXWlUIBqM6hRL8y1Lh4GDPp+ptXih7al2tzEofUFJemQwqgd1IEb95w==",
            "fetch_deploy_key": false,
            "git_clone_strategy": "github_app",
            "github_installation_id": 9876,
            "gitlab_project_id": 0,
            "id": "383645:234127",
            "is_active": true,
            "project_id": 383645,
            "remote_url": "git@github.com:phdata-sandeep/dbt_terraform.git",
            "repository_credentials_id": 0,
            "repository_id": 234127
          },
          "sensitive_attributes": [],
          "private": "bnVsbA==",
          "dependencies": [
            "dbtcloud_project.my_project"
          ]
        }
      ]
    },
    {
      "mode": "managed",
      "type": "dbtcloud_snowflake_credential",
      "name": "prod_credential",
      "provider": "provider[\"registry.terraform.io/dbt-labs/dbtcloud\"]",
      "instances": [
        {
          "schema_version": 0,
          "attributes": {
            "auth_type": "password",
            "credential_id": 423076,
            "database": "",
            "id": "383645:423076",
            "is_active": true,
            "num_threads": 16,
            "password": "Snowflake@2024$",
            "private_key": "",
            "private_key_passphrase": "",
            "project_id": 383645,
            "role": "",
            "schema": "dbt_scm",
            "user": "Sandeep",
            "warehouse": ""
          },
          "sensitive_attributes": [
            [
              {
                "type": "get_attr",
                "value": "password"
              }
            ],
            [
              {
                "type": "get_attr",
                "value": "private_key"
              }
            ],
            [
              {
                "type": "get_attr",
                "value": "private_key_passphrase"
              }
            ]
          ],
          "private": "bnVsbA==",
          "dependencies": [
            "dbtcloud_project.my_project"
          ]
        }
      ]
    }
  ],
  "check_results": null
}
